// !$*UTF8*$!
{
	archiveVersion = 1;
	classes = {
	};
	objectVersion = 46;
	objects = {

/* Begin PBXBuildFile section */
		15026D8C1D309CA300C2AE94 /* main.m in Sources */ = {isa = PBXBuildFile; fileRef = 15026D8B1D309CA300C2AE94 /* main.m */; };
		15026D8F1D309CA300C2AE94 /* AppDelegate.m in Sources */ = {isa = PBXBuildFile; fileRef = 15026D8E1D309CA300C2AE94 /* AppDelegate.m */; };
		15026D981D309CA300C2AE94 /* WealthNetwork.xcdatamodeld in Sources */ = {isa = PBXBuildFile; fileRef = 15026D961D309CA300C2AE94 /* WealthNetwork.xcdatamodeld */; };
		15026D9A1D309CA300C2AE94 /* Assets.xcassets in Resources */ = {isa = PBXBuildFile; fileRef = 15026D991D309CA300C2AE94 /* Assets.xcassets */; };
		15026D9D1D309CA300C2AE94 /* LaunchScreen.storyboard in Resources */ = {isa = PBXBuildFile; fileRef = 15026D9B1D309CA300C2AE94 /* LaunchScreen.storyboard */; };
		15026DBF1D30B36900C2AE94 /* friends.plist in Resources */ = {isa = PBXBuildFile; fileRef = 15026DBE1D30B36900C2AE94 /* friends.plist */; };
		150E938C1D7DB99500B42574 /* ViewController.m in Sources */ = {isa = PBXBuildFile; fileRef = 150E937A1D7DB99500B42574 /* ViewController.m */; };
		150E938D1D7DB99500B42574 /* Friend.m in Sources */ = {isa = PBXBuildFile; fileRef = 150E937D1D7DB99500B42574 /* Friend.m */; };
		150E938E1D7DB99500B42574 /* FriendGroup.m in Sources */ = {isa = PBXBuildFile; fileRef = 150E937F1D7DB99500B42574 /* FriendGroup.m */; };
		150E938F1D7DB99500B42574 /* CollectionViewCell.m in Sources */ = {isa = PBXBuildFile; fileRef = 150E93821D7DB99500B42574 /* CollectionViewCell.m */; };
		150E93901D7DB99500B42574 /* CollectionViewCell.xib in Resources */ = {isa = PBXBuildFile; fileRef = 150E93831D7DB99500B42574 /* CollectionViewCell.xib */; };
		150E93911D7DB99500B42574 /* EditCollectionReusableView.m in Sources */ = {isa = PBXBuildFile; fileRef = 150E93851D7DB99500B42574 /* EditCollectionReusableView.m */; };
		150E93921D7DB99500B42574 /* EditCollectionReusableView.xib in Resources */ = {isa = PBXBuildFile; fileRef = 150E93861D7DB99500B42574 /* EditCollectionReusableView.xib */; };
		150E939C1D7DB9C400B42574 /* LeftViewController.m in Sources */ = {isa = PBXBuildFile; fileRef = 150E93971D7DB9C400B42574 /* LeftViewController.m */; };
		150E93A31D7DBA4400B42574 /* ProfileHeadView.m in Sources */ = {isa = PBXBuildFile; fileRef = 150E93A21D7DBA4400B42574 /* ProfileHeadView.m */; };
		150E93D81D7DC6C900B42574 /* BaseTableViewController.m in Sources */ = {isa = PBXBuildFile; fileRef = 150E93C51D7DC6C900B42574 /* BaseTableViewController.m */; };
		150E93D91D7DC6C900B42574 /* ProfileCellArrowModel.m in Sources */ = {isa = PBXBuildFile; fileRef = 150E93C91D7DC6C900B42574 /* ProfileCellArrowModel.m */; };
		150E93DA1D7DC6C900B42574 /* ProfileCellGroupModel.m in Sources */ = {isa = PBXBuildFile; fileRef = 150E93CB1D7DC6C900B42574 /* ProfileCellGroupModel.m */; };
		150E93DB1D7DC6C900B42574 /* ProfileCellModel.m in Sources */ = {isa = PBXBuildFile; fileRef = 150E93CD1D7DC6C900B42574 /* ProfileCellModel.m */; };
		150E93DD1D7DC6C900B42574 /* ProfileCell.m in Sources */ = {isa = PBXBuildFile; fileRef = 150E93D31D7DC6C900B42574 /* ProfileCell.m */; };
		150E93E21D7DC70C00B42574 /* UIView+Extension.m in Sources */ = {isa = PBXBuildFile; fileRef = 150E93E11D7DC70C00B42574 /* UIView+Extension.m */; };
		1E5EA08D3404E41FECB0499B /* libPods-WealthNetwork.a in Frameworks */ = {isa = PBXBuildFile; fileRef = D4259DC17188B63E61BC5701 /* libPods-WealthNetwork.a */; };
/* End PBXBuildFile section */

/* Begin PBXFileReference section */
		15026D871D309CA300C2AE94 /* WealthNetwork.app */ = {isa = PBXFileReference; explicitFileType = wrapper.application; includeInIndex = 0; path = WealthNetwork.app; sourceTree = BUILT_PRODUCTS_DIR; };
		15026D8B1D309CA300C2AE94 /* main.m */ = {isa = PBXFileReference; lastKnownFileType = sourcecode.c.objc; path = main.m; sourceTree = "<group>"; };
		15026D8D1D309CA300C2AE94 /* AppDelegate.h */ = {isa = PBXFileReference; lastKnownFileType = sourcecode.c.h; path = AppDelegate.h; sourceTree = "<group>"; };
		15026D8E1D309CA300C2AE94 /* AppDelegate.m */ = {isa = PBXFileReference; lastKnownFileType = sourcecode.c.objc; path = AppDelegate.m; sourceTree = "<group>"; };
		15026D971D309CA300C2AE94 /* WealthNetwork.xcdatamodel */ = {isa = PBXFileReference; lastKnownFileType = wrapper.xcdatamodel; path = WealthNetwork.xcdatamodel; sourceTree = "<group>"; };
		15026D991D309CA300C2AE94 /* Assets.xcassets */ = {isa = PBXFileReference; lastKnownFileType = folder.assetcatalog; name = Assets.xcassets; path = ../Assets.xcassets; sourceTree = "<group>"; };
		15026D9C1D309CA300C2AE94 /* Base */ = {isa = PBXFileReference; lastKnownFileType = file.storyboard; name = Base; path = Base.lproj/LaunchScreen.storyboard; sourceTree = "<group>"; };
		15026D9E1D309CA300C2AE94 /* Info.plist */ = {isa = PBXFileReference; lastKnownFileType = text.plist.xml; name = Info.plist; path = ../Info.plist; sourceTree = "<group>"; };
		15026DBE1D30B36900C2AE94 /* friends.plist */ = {isa = PBXFileReference; fileEncoding = 4; lastKnownFileType = text.plist.xml; path = friends.plist; sourceTree = "<group>"; };
		150E93711D7DADC100B42574 /* PrefixHeader.pch */ = {isa = PBXFileReference; fileEncoding = 4; lastKnownFileType = sourcecode.c.h; path = PrefixHeader.pch; sourceTree = "<group>"; };
		150E93791D7DB99500B42574 /* ViewController.h */ = {isa = PBXFileReference; fileEncoding = 4; lastKnownFileType = sourcecode.c.h; path = ViewController.h; sourceTree = "<group>"; };
		150E937A1D7DB99500B42574 /* ViewController.m */ = {isa = PBXFileReference; fileEncoding = 4; lastKnownFileType = sourcecode.c.objc; path = ViewController.m; sourceTree = "<group>"; };
		150E937C1D7DB99500B42574 /* Friend.h */ = {isa = PBXFileReference; fileEncoding = 4; lastKnownFileType = sourcecode.c.h; path = Friend.h; sourceTree = "<group>"; };
		150E937D1D7DB99500B42574 /* Friend.m */ = {isa = PBXFileReference; fileEncoding = 4; lastKnownFileType = sourcecode.c.objc; path = Friend.m; sourceTree = "<group>"; };
		150E937E1D7DB99500B42574 /* FriendGroup.h */ = {isa = PBXFileReference; fileEncoding = 4; lastKnownFileType = sourcecode.c.h; path = FriendGroup.h; sourceTree = "<group>"; };
		150E937F1D7DB99500B42574 /* FriendGroup.m */ = {isa = PBXFileReference; fileEncoding = 4; lastKnownFileType = sourcecode.c.objc; path = FriendGroup.m; sourceTree = "<group>"; };
		150E93811D7DB99500B42574 /* CollectionViewCell.h */ = {isa = PBXFileReference; fileEncoding = 4; lastKnownFileType = sourcecode.c.h; path = CollectionViewCell.h; sourceTree = "<group>"; };
		150E93821D7DB99500B42574 /* CollectionViewCell.m */ = {isa = PBXFileReference; fileEncoding = 4; lastKnownFileType = sourcecode.c.objc; path = CollectionViewCell.m; sourceTree = "<group>"; };
		150E93831D7DB99500B42574 /* CollectionViewCell.xib */ = {isa = PBXFileReference; fileEncoding = 4; lastKnownFileType = file.xib; path = CollectionViewCell.xib; sourceTree = "<group>"; };
		150E93841D7DB99500B42574 /* EditCollectionReusableView.h */ = {isa = PBXFileReference; fileEncoding = 4; lastKnownFileType = sourcecode.c.h; path = EditCollectionReusableView.h; sourceTree = "<group>"; };
		150E93851D7DB99500B42574 /* EditCollectionReusableView.m */ = {isa = PBXFileReference; fileEncoding = 4; lastKnownFileType = sourcecode.c.objc; path = EditCollectionReusableView.m; sourceTree = "<group>"; };
		150E93861D7DB99500B42574 /* EditCollectionReusableView.xib */ = {isa = PBXFileReference; fileEncoding = 4; lastKnownFileType = file.xib; path = EditCollectionReusableView.xib; sourceTree = "<group>"; };
		150E93961D7DB9C400B42574 /* LeftViewController.h */ = {isa = PBXFileReference; fileEncoding = 4; lastKnownFileType = sourcecode.c.h; path = LeftViewController.h; sourceTree = "<group>"; };
		150E93971D7DB9C400B42574 /* LeftViewController.m */ = {isa = PBXFileReference; fileEncoding = 4; lastKnownFileType = sourcecode.c.objc; path = LeftViewController.m; sourceTree = "<group>"; };
		150E93A11D7DBA4400B42574 /* ProfileHeadView.h */ = {isa = PBXFileReference; fileEncoding = 4; lastKnownFileType = sourcecode.c.h; path = ProfileHeadView.h; sourceTree = "<group>"; };
		150E93A21D7DBA4400B42574 /* ProfileHeadView.m */ = {isa = PBXFileReference; fileEncoding = 4; lastKnownFileType = sourcecode.c.objc; path = ProfileHeadView.m; sourceTree = "<group>"; };
		150E93C41D7DC6C900B42574 /* BaseTableViewController.h */ = {isa = PBXFileReference; fileEncoding = 4; lastKnownFileType = sourcecode.c.h; path = BaseTableViewController.h; sourceTree = "<group>"; };
		150E93C51D7DC6C900B42574 /* BaseTableViewController.m */ = {isa = PBXFileReference; fileEncoding = 4; lastKnownFileType = sourcecode.c.objc; path = BaseTableViewController.m; sourceTree = "<group>"; };
		150E93C81D7DC6C900B42574 /* ProfileCellArrowModel.h */ = {isa = PBXFileReference; fileEncoding = 4; lastKnownFileType = sourcecode.c.h; path = ProfileCellArrowModel.h; sourceTree = "<group>"; };
		150E93C91D7DC6C900B42574 /* ProfileCellArrowModel.m */ = {isa = PBXFileReference; fileEncoding = 4; lastKnownFileType = sourcecode.c.objc; path = ProfileCellArrowModel.m; sourceTree = "<group>"; };
		150E93CA1D7DC6C900B42574 /* ProfileCellGroupModel.h */ = {isa = PBXFileReference; fileEncoding = 4; lastKnownFileType = sourcecode.c.h; path = ProfileCellGroupModel.h; sourceTree = "<group>"; };
		150E93CB1D7DC6C900B42574 /* ProfileCellGroupModel.m */ = {isa = PBXFileReference; fileEncoding = 4; lastKnownFileType = sourcecode.c.objc; path = ProfileCellGroupModel.m; sourceTree = "<group>"; };
		150E93CC1D7DC6C900B42574 /* ProfileCellModel.h */ = {isa = PBXFileReference; fileEncoding = 4; lastKnownFileType = sourcecode.c.h; path = ProfileCellModel.h; sourceTree = "<group>"; };
		150E93CD1D7DC6C900B42574 /* ProfileCellModel.m */ = {isa = PBXFileReference; fileEncoding = 4; lastKnownFileType = sourcecode.c.objc; path = ProfileCellModel.m; sourceTree = "<group>"; };
		150E93D21D7DC6C900B42574 /* ProfileCell.h */ = {isa = PBXFileReference; fileEncoding = 4; lastKnownFileType = sourcecode.c.h; path = ProfileCell.h; sourceTree = "<group>"; };
		150E93D31D7DC6C900B42574 /* ProfileCell.m */ = {isa = PBXFileReference; fileEncoding = 4; lastKnownFileType = sourcecode.c.objc; path = ProfileCell.m; sourceTree = "<group>"; };
		150E93E01D7DC70C00B42574 /* UIView+Extension.h */ = {isa = PBXFileReference; fileEncoding = 4; lastKnownFileType = sourcecode.c.h; path = "UIView+Extension.h"; sourceTree = "<group>"; };
		150E93E11D7DC70C00B42574 /* UIView+Extension.m */ = {isa = PBXFileReference; fileEncoding = 4; lastKnownFileType = sourcecode.c.objc; path = "UIView+Extension.m"; sourceTree = "<group>"; };
		B26DF141F21CE96235C29F85 /* Pods-WealthNetwork.debug.xcconfig */ = {isa = PBXFileReference; includeInIndex = 1; lastKnownFileType = text.xcconfig; name = "Pods-WealthNetwork.debug.xcconfig"; path = "Pods/Target Support Files/Pods-WealthNetwork/Pods-WealthNetwork.debug.xcconfig"; sourceTree = "<group>"; };
		D4259DC17188B63E61BC5701 /* libPods-WealthNetwork.a */ = {isa = PBXFileReference; explicitFileType = archive.ar; includeInIndex = 0; path = "libPods-WealthNetwork.a"; sourceTree = BUILT_PRODUCTS_DIR; };
		F24EE00E51E416D56410C1FF /* Pods-WealthNetwork.release.xcconfig */ = {isa = PBXFileReference; includeInIndex = 1; lastKnownFileType = text.xcconfig; name = "Pods-WealthNetwork.release.xcconfig"; path = "Pods/Target Support Files/Pods-WealthNetwork/Pods-WealthNetwork.release.xcconfig"; sourceTree = "<group>"; };
/* End PBXFileReference section */

/* Begin PBXFrameworksBuildPhase section */
		15026D841D309CA300C2AE94 /* Frameworks */ = {
			isa = PBXFrameworksBuildPhase;
			buildActionMask = 2147483647;
			files = (
				1E5EA08D3404E41FECB0499B /* libPods-WealthNetwork.a in Frameworks */,
			);
			runOnlyForDeploymentPostprocessing = 0;
		};
/* End PBXFrameworksBuildPhase section */

/* Begin PBXGroup section */
		15026D7E1D309CA300C2AE94 = {
			isa = PBXGroup;
			children = (
				15026D891D309CA300C2AE94 /* WealthNetwork */,
				15026D881D309CA300C2AE94 /* Products */,
				5742868734595351D06E6707 /* Pods */,
				1C31A70194CB649061DFF678 /* Frameworks */,
			);
			sourceTree = "<group>";
		};
		15026D881D309CA300C2AE94 /* Products */ = {
			isa = PBXGroup;
			children = (
				15026D871D309CA300C2AE94 /* WealthNetwork.app */,
			);
			name = Products;
			sourceTree = "<group>";
		};
		15026D891D309CA300C2AE94 /* WealthNetwork */ = {
			isa = PBXGroup;
			children = (
				15026D8D1D309CA300C2AE94 /* AppDelegate.h */,
				15026D8E1D309CA300C2AE94 /* AppDelegate.m */,
				150E93771D7DB99500B42574 /* Home */,
				150E93871D7DB99500B42574 /* Left */,
				150E93C21D7DC6C900B42574 /* Base */,
				15026DA61D30A55700C2AE94 /* Other */,
				15026D8A1D309CA300C2AE94 /* Supporting Files */,
			);
			path = WealthNetwork;
			sourceTree = "<group>";
		};
		15026D8A1D309CA300C2AE94 /* Supporting Files */ = {
			isa = PBXGroup;
			children = (
				15026D8B1D309CA300C2AE94 /* main.m */,
			);
			name = "Supporting Files";
			sourceTree = "<group>";
		};
		15026DA61D30A55700C2AE94 /* Other */ = {
			isa = PBXGroup;
			children = (
				150E93E01D7DC70C00B42574 /* UIView+Extension.h */,
				150E93E11D7DC70C00B42574 /* UIView+Extension.m */,
				150E93711D7DADC100B42574 /* PrefixHeader.pch */,
				15026DBE1D30B36900C2AE94 /* friends.plist */,
				15026D991D309CA300C2AE94 /* Assets.xcassets */,
				15026D9B1D309CA300C2AE94 /* LaunchScreen.storyboard */,
				15026D9E1D309CA300C2AE94 /* Info.plist */,
				15026D961D309CA300C2AE94 /* WealthNetwork.xcdatamodeld */,
			);
			path = Other;
			sourceTree = "<group>";
		};
		150E93771D7DB99500B42574 /* Home */ = {
			isa = PBXGroup;
			children = (
				150E93781D7DB99500B42574 /* Controller */,
				150E937B1D7DB99500B42574 /* Model */,
				150E93801D7DB99500B42574 /* View */,
			);
			path = Home;
			sourceTree = "<group>";
		};
		150E93781D7DB99500B42574 /* Controller */ = {
			isa = PBXGroup;
			children = (
				150E93791D7DB99500B42574 /* ViewController.h */,
				150E937A1D7DB99500B42574 /* ViewController.m */,
			);
			path = Controller;
			sourceTree = "<group>";
		};
		150E937B1D7DB99500B42574 /* Model */ = {
			isa = PBXGroup;
			children = (
				150E937C1D7DB99500B42574 /* Friend.h */,
				150E937D1D7DB99500B42574 /* Friend.m */,
				150E937E1D7DB99500B42574 /* FriendGroup.h */,
				150E937F1D7DB99500B42574 /* FriendGroup.m */,
			);
			path = Model;
			sourceTree = "<group>";
		};
		150E93801D7DB99500B42574 /* View */ = {
			isa = PBXGroup;
			children = (
				150E93811D7DB99500B42574 /* CollectionViewCell.h */,
				150E93821D7DB99500B42574 /* CollectionViewCell.m */,
				150E93831D7DB99500B42574 /* CollectionViewCell.xib */,
				150E93841D7DB99500B42574 /* EditCollectionReusableView.h */,
				150E93851D7DB99500B42574 /* EditCollectionReusableView.m */,
				150E93861D7DB99500B42574 /* EditCollectionReusableView.xib */,
			);
			path = View;
			sourceTree = "<group>";
		};
		150E93871D7DB99500B42574 /* Left */ = {
			isa = PBXGroup;
			children = (
				150E93951D7DB9C400B42574 /* Controller */,
				150E93991D7DB9C400B42574 /* View */,
				150E93981D7DB9C400B42574 /* Model */,
			);
			path = Left;
			sourceTree = "<group>";
		};
		150E93951D7DB9C400B42574 /* Controller */ = {
			isa = PBXGroup;
			children = (
				150E93961D7DB9C400B42574 /* LeftViewController.h */,
				150E93971D7DB9C400B42574 /* LeftViewController.m */,
			);
			path = Controller;
			sourceTree = "<group>";
		};
		150E93981D7DB9C400B42574 /* Model */ = {
			isa = PBXGroup;
			children = (
			);
			path = Model;
			sourceTree = "<group>";
		};
		150E93991D7DB9C400B42574 /* View */ = {
			isa = PBXGroup;
			children = (
				150E93A11D7DBA4400B42574 /* ProfileHeadView.h */,
				150E93A21D7DBA4400B42574 /* ProfileHeadView.m */,
			);
			path = View;
			sourceTree = "<group>";
		};
		150E93C21D7DC6C900B42574 /* Base */ = {
			isa = PBXGroup;
			children = (
				150E93C31D7DC6C900B42574 /* BaseController */,
				150E93C61D7DC6C900B42574 /* Model */,
				150E93D01D7DC6C900B42574 /* Setting */,
				150E93D11D7DC6C900B42574 /* View */,
			);
			path = Base;
			sourceTree = "<group>";
		};
		150E93C31D7DC6C900B42574 /* BaseController */ = {
			isa = PBXGroup;
			children = (
				150E93C41D7DC6C900B42574 /* BaseTableViewController.h */,
				150E93C51D7DC6C900B42574 /* BaseTableViewController.m */,
			);
			path = BaseController;
			sourceTree = "<group>";
		};
		150E93C61D7DC6C900B42574 /* Model */ = {
			isa = PBXGroup;
			children = (
				150E93C71D7DC6C900B42574 /* Base */,
			);
			path = Model;
			sourceTree = "<group>";
		};
		150E93C71D7DC6C900B42574 /* Base */ = {
			isa = PBXGroup;
			children = (
				150E93C81D7DC6C900B42574 /* ProfileCellArrowModel.h */,
				150E93C91D7DC6C900B42574 /* ProfileCellArrowModel.m */,
				150E93CA1D7DC6C900B42574 /* ProfileCellGroupModel.h */,
				150E93CB1D7DC6C900B42574 /* ProfileCellGroupModel.m */,
				150E93CC1D7DC6C900B42574 /* ProfileCellModel.h */,
				150E93CD1D7DC6C900B42574 /* ProfileCellModel.m */,
			);
			path = Base;
			sourceTree = "<group>";
		};
		150E93D01D7DC6C900B42574 /* Setting */ = {
			isa = PBXGroup;
			children = (
			);
			path = Setting;
			sourceTree = "<group>";
		};
		150E93D11D7DC6C900B42574 /* View */ = {
			isa = PBXGroup;
			children = (
				150E93D21D7DC6C900B42574 /* ProfileCell.h */,
				150E93D31D7DC6C900B42574 /* ProfileCell.m */,
			);
			path = View;
			sourceTree = "<group>";
		};
		1C31A70194CB649061DFF678 /* Frameworks */ = {
			isa = PBXGroup;
			children = (
				D4259DC17188B63E61BC5701 /* libPods-WealthNetwork.a */,
			);
			name = Frameworks;
			sourceTree = "<group>";
		};
		5742868734595351D06E6707 /* Pods */ = {
			isa = PBXGroup;
			children = (
				B26DF141F21CE96235C29F85 /* Pods-WealthNetwork.debug.xcconfig */,
				F24EE00E51E416D56410C1FF /* Pods-WealthNetwork.release.xcconfig */,
			);
			name = Pods;
			sourceTree = "<group>";
		};
/* End PBXGroup section */

/* Begin PBXNativeTarget section */
		15026D861D309CA300C2AE94 /* WealthNetwork */ = {
			isa = PBXNativeTarget;
			buildConfigurationList = 15026DA11D309CA300C2AE94 /* Build configuration list for PBXNativeTarget "WealthNetwork" */;
			buildPhases = (
				2A253D8A7B9AE2E8B01ACBAA /* [CP] Check Pods Manifest.lock */,
				15026D831D309CA300C2AE94 /* Sources */,
				15026D841D309CA300C2AE94 /* Frameworks */,
				15026D851D309CA300C2AE94 /* Resources */,
				143A9008BB90DF6478EDE039 /* [CP] Embed Pods Frameworks */,
				648352E6D7FA673B7A2316EE /* [CP] Copy Pods Resources */,
			);
			buildRules = (
			);
			dependencies = (
			);
			name = WealthNetwork;
			productName = WealthNetwork;
			productReference = 15026D871D309CA300C2AE94 /* WealthNetwork.app */;
			productType = "com.apple.product-type.application";
		};
/* End PBXNativeTarget section */

/* Begin PBXProject section */
		15026D7F1D309CA300C2AE94 /* Project object */ = {
			isa = PBXProject;
			attributes = {
				LastUpgradeCheck = 0730;
				ORGANIZATIONNAME = ArJun;
				TargetAttributes = {
					15026D861D309CA300C2AE94 = {
						CreatedOnToolsVersion = 7.3.1;
					};
				};
			};
			buildConfigurationList = 15026D821D309CA300C2AE94 /* Build configuration list for PBXProject "WealthNetwork" */;
			compatibilityVersion = "Xcode 3.2";
			developmentRegion = English;
			hasScannedForEncodings = 0;
			knownRegions = (
				en,
				Base,
			);
			mainGroup = 15026D7E1D309CA300C2AE94;
			productRefGroup = 15026D881D309CA300C2AE94 /* Products */;
			projectDirPath = "";
			projectRoot = "";
			targets = (
				15026D861D309CA300C2AE94 /* WealthNetwork */,
			);
		};
/* End PBXProject section */

/* Begin PBXResourcesBuildPhase section */
		15026D851D309CA300C2AE94 /* Resources */ = {
			isa = PBXResourcesBuildPhase;
			buildActionMask = 2147483647;
			files = (
				15026D9D1D309CA300C2AE94 /* LaunchScreen.storyboard in Resources */,
				150E93921D7DB99500B42574 /* EditCollectionReusableView.xib in Resources */,
				15026D9A1D309CA300C2AE94 /* Assets.xcassets in Resources */,
				150E93901D7DB99500B42574 /* CollectionViewCell.xib in Resources */,
				15026DBF1D30B36900C2AE94 /* friends.plist in Resources */,
			);
			runOnlyForDeploymentPostprocessing = 0;
		};
/* End PBXResourcesBuildPhase section */

/* Begin PBXShellScriptBuildPhase section */
		143A9008BB90DF6478EDE039 /* [CP] Embed Pods Frameworks */ = {
			isa = PBXShellScriptBuildPhase;
			buildActionMask = 2147483647;
			files = (
			);
			inputPaths = (
			);
			name = "[CP] Embed Pods Frameworks";
			outputPaths = (
			);
			runOnlyForDeploymentPostprocessing = 0;
			shellPath = /bin/sh;
			shellScript = "\"${SRCROOT}/Pods/Target Support Files/Pods-WealthNetwork/Pods-WealthNetwork-frameworks.sh\"\n";
			showEnvVarsInLog = 0;
		};
		2A253D8A7B9AE2E8B01ACBAA /* [CP] Check Pods Manifest.lock */ = {
			isa = PBXShellScriptBuildPhase;
			buildActionMask = 2147483647;
			files = (
			);
			inputPaths = (
			);
			name = "[CP] Check Pods Manifest.lock";
			outputPaths = (
			);
			runOnlyForDeploymentPostprocessing = 0;
			shellPath = /bin/sh;
			shellScript = "diff \"${PODS_ROOT}/../Podfile.lock\" \"${PODS_ROOT}/Manifest.lock\" > /dev/null\nif [[ $? != 0 ]] ; then\n    cat << EOM\nerror: The sandbox is not in sync with the Podfile.lock. Run 'pod install' or update your CocoaPods installation.\nEOM\n    exit 1\nfi\n";
			showEnvVarsInLog = 0;
		};
		648352E6D7FA673B7A2316EE /* [CP] Copy Pods Resources */ = {
			isa = PBXShellScriptBuildPhase;
			buildActionMask = 2147483647;
			files = (
			);
			inputPaths = (
			);
			name = "[CP] Copy Pods Resources";
			outputPaths = (
			);
			runOnlyForDeploymentPostprocessing = 0;
			shellPath = /bin/sh;
			shellScript = "\"${SRCROOT}/Pods/Target Support Files/Pods-WealthNetwork/Pods-WealthNetwork-resources.sh\"\n";
			showEnvVarsInLog = 0;
		};
/* End PBXShellScriptBuildPhase section */

/* Begin PBXSourcesBuildPhase section */
		15026D831D309CA300C2AE94 /* Sources */ = {
			isa = PBXSourcesBuildPhase;
			buildActionMask = 2147483647;
			files = (
				15026D981D309CA300C2AE94 /* WealthNetwork.xcdatamodeld in Sources */,
				150E938D1D7DB99500B42574 /* Friend.m in Sources */,
				150E938E1D7DB99500B42574 /* FriendGroup.m in Sources */,
				150E938C1D7DB99500B42574 /* ViewController.m in Sources */,
				150E93A31D7DBA4400B42574 /* ProfileHeadView.m in Sources */,
				15026D8F1D309CA300C2AE94 /* AppDelegate.m in Sources */,
				15026D8C1D309CA300C2AE94 /* main.m in Sources */,
				150E938F1D7DB99500B42574 /* CollectionViewCell.m in Sources */,
				150E93E21D7DC70C00B42574 /* UIView+Extension.m in Sources */,
				150E93D81D7DC6C900B42574 /* BaseTableViewController.m in Sources */,
				150E939C1D7DB9C400B42574 /* LeftViewController.m in Sources */,
				150E93DB1D7DC6C900B42574 /* ProfileCellModel.m in Sources */,
				150E93DD1D7DC6C900B42574 /* ProfileCell.m in Sources */,
				150E93D91D7DC6C900B42574 /* ProfileCellArrowModel.m in Sources */,
				150E93DA1D7DC6C900B42574 /* ProfileCellGroupModel.m in Sources */,
				150E93911D7DB99500B42574 /* EditCollectionReusableView.m in Sources */,
			);
			runOnlyForDeploymentPostprocessing = 0;
		};
/* End PBXSourcesBuildPhase section */

/* Begin PBXVariantGroup section */
		15026D9B1D309CA300C2AE94 /* LaunchScreen.storyboard */ = {
			isa = PBXVariantGroup;
			children = (
				15026D9C1D309CA300C2AE94 /* Base */,
			);
			name = LaunchScreen.storyboard;
			path = ..;
			sourceTree = "<group>";
		};
/* End PBXVariantGroup section */

/* Begin XCBuildConfiguration section */
		15026D9F1D309CA300C2AE94 /* Debug */ = {
			isa = XCBuildConfiguration;
			buildSettings = {
				ALWAYS_SEARCH_USER_PATHS = NO;
				CLANG_ANALYZER_NONNULL = YES;
				CLANG_CXX_LANGUAGE_STANDARD = "gnu++0x";
				CLANG_CXX_LIBRARY = "libc++";
				CLANG_ENABLE_MODULES = YES;
				CLANG_ENABLE_OBJC_ARC = YES;
				CLANG_WARN_BOOL_CONVERSION = YES;
				CLANG_WARN_CONSTANT_CONVERSION = YES;
				CLANG_WARN_DIRECT_OBJC_ISA_USAGE = YES_ERROR;
				CLANG_WARN_EMPTY_BODY = YES;
				CLANG_WARN_ENUM_CONVERSION = YES;
				CLANG_WARN_INT_CONVERSION = YES;
				CLANG_WARN_OBJC_ROOT_CLASS = YES_ERROR;
				CLANG_WARN_UNREACHABLE_CODE = YES;
				CLANG_WARN__DUPLICATE_METHOD_MATCH = YES;
				"CODE_SIGN_IDENTITY[sdk=iphoneos*]" = "iPhone Developer";
				COPY_PHASE_STRIP = NO;
				DEBUG_INFORMATION_FORMAT = dwarf;
				ENABLE_STRICT_OBJC_MSGSEND = YES;
				ENABLE_TESTABILITY = YES;
				GCC_C_LANGUAGE_STANDARD = gnu99;
				GCC_DYNAMIC_NO_PIC = NO;
				GCC_NO_COMMON_BLOCKS = YES;
				GCC_OPTIMIZATION_LEVEL = 0;
				GCC_PREPROCESSOR_DEFINITIONS = (
					"DEBUG=1",
					"$(inherited)",
				);
				GCC_WARN_64_TO_32_BIT_CONVERSION = YES;
				GCC_WARN_ABOUT_RETURN_TYPE = YES_ERROR;
				GCC_WARN_UNDECLARED_SELECTOR = YES;
				GCC_WARN_UNINITIALIZED_AUTOS = YES_AGGRESSIVE;
				GCC_WARN_UNUSED_FUNCTION = YES;
				GCC_WARN_UNUSED_VARIABLE = YES;
				IPHONEOS_DEPLOYMENT_TARGET = 9.3;
				MTL_ENABLE_DEBUG_INFO = YES;
				ONLY_ACTIVE_ARCH = YES;
				SDKROOT = iphoneos;
			};
			name = Debug;
		};
		15026DA01D309CA300C2AE94 /* Release */ = {
			isa = XCBuildConfiguration;
			buildSettings = {
				ALWAYS_SEARCH_USER_PATHS = NO;
				CLANG_ANALYZER_NONNULL = YES;
				CLANG_CXX_LANGUAGE_STANDARD = "gnu++0x";
				CLANG_CXX_LIBRARY = "libc++";
				CLANG_ENABLE_MODULES = YES;
				CLANG_ENABLE_OBJC_ARC = YES;
				CLANG_WARN_BOOL_CONVERSION = YES;
				CLANG_WARN_CONSTANT_CONVERSION = YES;
				CLANG_WARN_DIRECT_OBJC_ISA_USAGE = YES_ERROR;
				CLANG_WARN_EMPTY_BODY = YES;
				CLANG_WARN_ENUM_CONVERSION = YES;
				CLANG_WARN_INT_CONVERSION = YES;
				CLANG_WARN_OBJC_ROOT_CLASS = YES_ERROR;
				CLANG_WARN_UNREACHABLE_CODE = YES;
				CLANG_WARN__DUPLICATE_METHOD_MATCH = YES;
				"CODE_SIGN_IDENTITY[sdk=iphoneos*]" = "iPhone Developer";
				COPY_PHASE_STRIP = NO;
				DEBUG_INFORMATION_FORMAT = "dwarf-with-dsym";
				ENABLE_NS_ASSERTIONS = NO;
				ENABLE_STRICT_OBJC_MSGSEND = YES;
				GCC_C_LANGUAGE_STANDARD = gnu99;
				GCC_NO_COMMON_BLOCKS = YES;
				GCC_WARN_64_TO_32_BIT_CONVERSION = YES;
				GCC_WARN_ABOUT_RETURN_TYPE = YES_ERROR;
				GCC_WARN_UNDECLARED_SELECTOR = YES;
				GCC_WARN_UNINITIALIZED_AUTOS = YES_AGGRESSIVE;
				GCC_WARN_UNUSED_FUNCTION = YES;
				GCC_WARN_UNUSED_VARIABLE = YES;
				IPHONEOS_DEPLOYMENT_TARGET = 9.3;
				MTL_ENABLE_DEBUG_INFO = NO;
				SDKROOT = iphoneos;
				VALIDATE_PRODUCT = YES;
			};
			name = Release;
		};
		15026DA21D309CA300C2AE94 /* Debug */ = {
			isa = XCBuildConfiguration;
			baseConfigurationReference = B26DF141F21CE96235C29F85 /* Pods-WealthNetwork.debug.xcconfig */;
			buildSettings = {
				ASSETCATALOG_COMPILER_APPICON_NAME = AppIcon;
				GCC_PREFIX_HEADER = WealthNetwork/Other/PrefixHeader.pch;
				INFOPLIST_FILE = WealthNetwork/Info.plist;
				IPHONEOS_DEPLOYMENT_TARGET = 8.0;
				LD_RUNPATH_SEARCH_PATHS = "$(inherited) @executable_path/Frameworks";
				PRODUCT_BUNDLE_IDENTIFIER = github.com.ChinaArJun.WealthNetwork;
				PRODUCT_NAME = "$(TARGET_NAME)";
			};
			name = Debug;
		};
		15026DA31D309CA300C2AE94 /* Release */ = {
			isa = XCBuildConfiguration;
			baseConfigurationReference = F24EE00E51E416D56410C1FF /* Pods-WealthNetwork.release.xcconfig */;
			buildSettings = {
				ASSETCATALOG_COMPILER_APPICON_NAME = AppIcon;
				GCC_PREFIX_HEADER = WealthNetwork/Other/PrefixHeader.pch;
				INFOPLIST_FILE = WealthNetwork/Info.plist;
				IPHONEOS_DEPLOYMENT_TARGET = 8.0;
				LD_RUNPATH_SEARCH_PATHS = "$(inherited) @executable_path/Frameworks";
				PRODUCT_BUNDLE_IDENTIFIER = github.com.ChinaArJun.WealthNetwork;
				PRODUCT_NAME = "$(TARGET_NAME)";
			};
			name = Release;
		};
/* End XCBuildConfiguration section */

/* Begin XCConfigurationList section */
		15026D821D309CA300C2AE94 /* Build configuration list for PBXProject "WealthNetwork" */ = {
			isa = XCConfigurationList;
			buildConfigurations = (
				15026D9F1D309CA300C2AE94 /* Debug */,
				15026DA01D309CA300C2AE94 /* Release */,
			);
			defaultConfigurationIsVisible = 0;
			defaultConfigurationName = Release;
		};
		15026DA11D309CA300C2AE94 /* Build configuration list for PBXNativeTarget "WealthNetwork" */ = {
			isa = XCConfigurationList;
			buildConfigurations = (
				15026DA21D309CA300C2AE94 /* Debug */,
				15026DA31D309CA300C2AE94 /* Release */,
			);
			defaultConfigurationIsVisible = 0;
			defaultConfigurationName = Release;
		};
/* End XCConfigurationList section */

/* Begin XCVersionGroup section */
		15026D961D309CA300C2AE94 /* WealthNetwork.xcdatamodeld */ = {
			isa = XCVersionGroup;
			children = (
				15026D971D309CA300C2AE94 /* WealthNetwork.xcdatamodel */,
			);
			currentVersion = 15026D971D309CA300C2AE94 /* WealthNetwork.xcdatamodel */;
			name = WealthNetwork.xcdatamodeld;
			path = ../WealthNetwork.xcdatamodeld;
			sourceTree = "<group>";
			versionGroupType = wrapper.xcdatamodel;
		};
/* End XCVersionGroup section */
	};
	rootObject = 15026D7F1D309CA300C2AE94 /* Project object */;
}
